
Microsoft Visual Studio Solution File, Format Version 12.00
# Visual Studio Version 17
VisualStudioVersion = 17.7.34003.232
MinimumVisualStudioVersion = 10.0.40219.1
Project("{FAE04EC0-301F-11D3-BF4B-00C04F79EFBC}") = "Strings_LandonBarnett", "Strings_LandonBarnett\Strings_LandonBarnett.csproj", "{F3BDF63A-267D-4959-8651-93D03CA39B79}"
EndProject
Global
	GlobalSection(SolutionConfigurationPlatforms) = preSolution
		Debug|Any CPU = Debug|Any CPU
		Release|Any CPU = Release|Any CPU
	EndGlobalSection
	GlobalSection(ProjectConfigurationPlatforms) = postSolution
		{F3BDF63A-267D-4959-8651-93D03CA39B79}.Debug|Any CPU.ActiveCfg = Debug|Any CPU
		{F3BDF63A-267D-4959-8651-93D03CA39B79}.Debug|Any CPU.Build.0 = Debug|Any CPU
		{F3BDF63A-267D-4959-8651-93D03CA39B79}.Release|Any CPU.ActiveCfg = Release|Any CPU
		{F3BDF63A-267D-4959-8651-93D03CA39B79}.Release|Any CPU.Build.0 = Release|Any CPU
	EndGlobalSection
	GlobalSection(SolutionProperties) = preSolution
		HideSolutionNode = FALSE
	EndGlobalSection
	GlobalSection(ExtensibilityGlobals) = postSolution
		SolutionGuid = {953AEF02-8855-4EB3-A1CE-F082108557A0}
	EndGlobalSection
EndGlobal
